
Microsoft Visual Studio Solution File, Format Version 12.00
# Visual Studio 15
VisualStudioVersion = 15.0.26228.4
MinimumVisualStudioVersion = 10.0.40219.1
Project("{FAE04EC0-301F-11D3-BF4B-00C04F79EFBC}") = "CollegeCourses", "CollegeCourses\CollegeCourses.csproj", "{EE19B2E9-E2D7-4FE6-A96D-AB5383B519B8}"
EndProject
Project("{FAE04EC0-301F-11D3-BF4B-00C04F79EFBC}") = "CollegeCourses.Test", "CollegeCourses.Test\CollegeCourses.Test.csproj", "{9DF5A0EA-83A9-4A25-8C29-C7E94D3C44F4}"
EndProject
Global
	GlobalSection(SolutionConfigurationPlatforms) = preSolution
		Debug|Any CPU = Debug|Any CPU
		Release|Any CPU = Release|Any CPU
	EndGlobalSection
	GlobalSection(ProjectConfigurationPlatforms) = postSolution
		{EE19B2E9-E2D7-4FE6-A96D-AB5383B519B8}.Debug|Any CPU.ActiveCfg = Debug|Any CPU
		{EE19B2E9-E2D7-4FE6-A96D-AB5383B519B8}.Debug|Any CPU.Build.0 = Debug|Any CPU
		{EE19B2E9-E2D7-4FE6-A96D-AB5383B519B8}.Release|Any CPU.ActiveCfg = Release|Any CPU
		{EE19B2E9-E2D7-4FE6-A96D-AB5383B519B8}.Release|Any CPU.Build.0 = Release|Any CPU
		{9DF5A0EA-83A9-4A25-8C29-C7E94D3C44F4}.Debug|Any CPU.ActiveCfg = Debug|Any CPU
		{9DF5A0EA-83A9-4A25-8C29-C7E94D3C44F4}.Debug|Any CPU.Build.0 = Debug|Any CPU
		{9DF5A0EA-83A9-4A25-8C29-C7E94D3C44F4}.Release|Any CPU.ActiveCfg = Release|Any CPU
		{9DF5A0EA-83A9-4A25-8C29-C7E94D3C44F4}.Release|Any CPU.Build.0 = Release|Any CPU
	EndGlobalSection
	GlobalSection(SolutionProperties) = preSolution
		HideSolutionNode = FALSE
	EndGlobalSection
EndGlobal
